
Microsoft Visual Studio Solution File, Format Version 12.00
# Visual Studio Version 17
VisualStudioVersion = 17.5.002.0
MinimumVisualStudioVersion = 10.0.40219.1
Project("{9A19103F-16F7-4668-BE54-9A1E7A4F7556}") = "Main", "Main.csproj", "{8326CFEE-0EBE-4F63-88D7-E4989310EF15}"
EndProject
Global
	GlobalSection(SolutionConfigurationPlatforms) = preSolution
		Debug|Any CPU = Debug|Any CPU
		Release|Any CPU = Release|Any CPU
	EndGlobalSection
	GlobalSection(ProjectConfigurationPlatforms) = postSolution
		{8326CFEE-0EBE-4F63-88D7-E4989310EF15}.Debug|Any CPU.ActiveCfg = Debug|Any CPU
		{8326CFEE-0EBE-4F63-88D7-E4989310EF15}.Debug|Any CPU.Build.0 = Debug|Any CPU
		{8326CFEE-0EBE-4F63-88D7-E4989310EF15}.Release|Any CPU.ActiveCfg = Release|Any CPU
		{8326CFEE-0EBE-4F63-88D7-E4989310EF15}.Release|Any CPU.Build.0 = Release|Any CPU
	EndGlobalSection
	GlobalSection(SolutionProperties) = preSolution
		HideSolutionNode = FALSE
	EndGlobalSection
	GlobalSection(ExtensibilityGlobals) = postSolution
		SolutionGuid = {69FE2BEE-4CA0-43D7-9F18-A2F70A5CA343}
	EndGlobalSection
EndGlobal
